<?xml version="1.0" encoding="utf-8"?>
<Project ToolsVersion="4.0" xmlns="http://schemas.microsoft.com/developer/msbuild/2003">
  <ItemGroup>
    <Filter Include="Исходные файлы">
      <UniqueIdentifier>{4FC737F1-C7A5-4376-A066-2A32D752A2FF}</UniqueIdentifier>
      <Extensions>cpp;c;cc;cxx;c++;cppm;ixx;def;odl;idl;hpj;bat;asm;asmx</Extensions>
    </Filter>
    <Filter Include="Файлы заголовков">
      <UniqueIdentifier>{93995380-89BD-4b04-88EB-625FBE52EBFB}</UniqueIdentifier>
      <Extensions>h;hh;hpp;hxx;h++;hm;inl;inc;ipp;xsd</Extensions>
    </Filter>
    <Filter Include="Файлы ресурсов">
      <UniqueIdentifier>{67DA6AB6-F800-4c08-8B7A-83BB121AAD01}</UniqueIdentifier>
      <Extensions>rc;ico;cur;bmp;dlg;rc2;rct;bin;rgs;gif;jpg;jpeg;jpe;resx;tiff;tif;png;wav;mfcribbon-ms</Extensions>
    </Filter>
  </ItemGroup>
  <ItemGroup>
    <ClCompile Include="vehicles.cpp">
      <Filter>Исходные файлы</Filter>
    </ClCompile>
    <ClCompile Include="camel.cpp">
      <Filter>Исходные файлы</Filter>
    </ClCompile>
    <ClCompile Include="camel_fast.cpp">
      <Filter>Исходные файлы</Filter>
    </ClCompile>
    <ClCompile Include="boots-runners.h">
      <Filter>Файлы заголовков</Filter>
    </ClCompile>
    <ClCompile Include="boots-runners.cpp">
      <Filter>Исходные файлы</Filter>
    </ClCompile>
    <ClCompile Include="fly_carpet.cpp">
      <Filter>Исходные файлы</Filter>
    </ClCompile>
    <ClCompile Include="broomstik.cpp">
      <Filter>Исходные файлы</Filter>
    </ClCompile>
    <ClCompile Include="centaur.cpp">
      <Filter>Исходные файлы</Filter>
    </ClCompile>
    <ClCompile Include="eagle.cpp">
      <Filter>Исходные файлы</Filter>
    </ClCompile>
    <ClCompile Include="flying.cpp">
      <Filter>Исходные файлы</Filter>
    </ClCompile>
    <ClCompile Include="land.cpp">
      <Filter>Исходные файлы</Filter>
    </ClCompile>
    <ClCompile Include="racing.cpp">
      <Filter>Исходные файлы</Filter>
    </ClCompile>
    <ClCompile Include="land_racing.cpp">
      <Filter>Исходные файлы</Filter>
    </ClCompile>
    <ClCompile Include="fly_racing.cpp">
      <Filter>Исходные файлы</Filter>
    </ClCompile>
    <ClCompile Include="sort.cpp">
      <Filter>Исходные файлы</Filter>
    </ClCompile>
    <ClCompile Include="all.cpp">
      <Filter>Исходные файлы</Filter>
    </ClCompile>
  </ItemGroup>
  <ItemGroup>
    <ClInclude Include="vehicles.h">
      <Filter>Файлы заголовков</Filter>
    </ClInclude>
    <ClInclude Include="camel.h">
      <Filter>Файлы заголовков</Filter>
    </ClInclude>
    <ClInclude Include="camel_fast.h">
      <Filter>Файлы заголовков</Filter>
    </ClInclude>
    <ClInclude Include="fly_carpet.h">
      <Filter>Файлы заголовков</Filter>
    </ClInclude>
    <ClInclude Include="broomstik.h">
      <Filter>Файлы заголовков</Filter>
    </ClInclude>
    <ClInclude Include="centaur.h">
      <Filter>Файлы заголовков</Filter>
    </ClInclude>
    <ClInclude Include="eagle.h">
      <Filter>Файлы заголовков</Filter>
    </ClInclude>
    <ClInclude Include="flying.h">
      <Filter>Файлы заголовков</Filter>
    </ClInclude>
    <ClInclude Include="land.h">
      <Filter>Файлы заголовков</Filter>
    </ClInclude>
    <ClInclude Include="racing.h">
      <Filter>Файлы заголовков</Filter>
    </ClInclude>
    <ClInclude Include="fly_racing.h">
      <Filter>Файлы заголовков</Filter>
    </ClInclude>
    <ClInclude Include="land_racing.h">
      <Filter>Файлы заголовков</Filter>
    </ClInclude>
    <ClInclude Include="sort.h">
      <Filter>Файлы заголовков</Filter>
    </ClInclude>
    <ClInclude Include="all.h">
      <Filter>Файлы заголовков</Filter>
    </ClInclude>
  </ItemGroup>
</Project>